%{"bunt": {:hex, :bunt, "0.1.5"},
  "credo": {:hex, :credo, "0.3.12"},
  "cutkey": {:git, "https://github.com/imtal/cutkey.git", "67375ea3d2ee3c729bc9a93baca447203930fd12", []},
  "gpb": {:git, "https://github.com/tomas-abrahamsson/gpb.git", "8026447efb4883839a556ce097886c2a1493feaf", []},
  "gproc": {:hex, :gproc, "0.5.0"},
  "httpotion": {:hex, :httpotion, "2.1.0"},
  "ibrowse": {:git, "https://github.com/cmullaparthi/ibrowse.git", "b5c705cb8fc369cc51012eac9fd49e5f7b6a87e9", []},
  "mc_chunk": {:git, "https://github.com/McEx/McChunk.git", "ed6f315238eac97791068c068e995fa1a635c764", []},
  "mc_data": {:hex, :mc_data, "0.0.3"},
  "mc_protocol": {:git, "https://github.com/McEx/McProtocol.git", "e4e76fe6a4ebe40557a46656ce5d6186e65023e6", []},
  "poison": {:hex, :poison, "2.0.1"},
  "proto_def": {:hex, :proto_def, "0.0.2"},
  "rustler": {:hex, :rustler, "0.0.5"},
  "uuid": {:hex, :uuid, "1.1.3"}}
