%{"cutkey": {:git, "https://github.com/imtal/cutkey.git", "67375ea3d2ee3c729bc9a93baca447203930fd12", []},
  "gpb": {:git, "https://github.com/tomas-abrahamsson/gpb.git", "a6ace0bf6d656fc0ab3905a8dcf7618c84860adc", []},
  "gproc": {:hex, :gproc, "0.5.0"},
  "httpotion": {:hex, :httpotion, "2.1.0"},
  "ibrowse": {:git, "https://github.com/cmullaparthi/ibrowse.git", "b5c705cb8fc369cc51012eac9fd49e5f7b6a87e9", []},
  "mc_data": {:hex, :mc_data, "0.0.2"},
  "mc_protocol": {:hex, :mc_protocol, "0.0.2"},
  "poison": {:hex, :poison, "2.0.1"},
  "proto_def": {:hex, :proto_def, "0.0.2"},
  "uuid": {:hex, :uuid, "1.1.3"}}
